// !$*UTF8*$!
{
	archiveVersion = 1;
	classes = {
	};
	objectVersion = 77;
	objects = {

/* Begin PBXBuildFile section */
		0011D2A9A44DA9CEEDF790AB /* PrayerTrackerCard.swift in Sources */ = {isa = PBXBuildFile; fileRef = F27A462BD711D77AA544F8EF /* PrayerTrackerCard.swift */; };
		02230DC1CA3972C8E42906C5 /* LibraryView.swift in Sources */ = {isa = PBXBuildFile; fileRef = 0602FE3772DF5E17342C27EB /* LibraryView.swift */; };
		0B3F8709297C304B9C22758A /* EmergencyGuideData.swift in Sources */ = {isa = PBXBuildFile; fileRef = 7155F88738917606DBDD74FE /* EmergencyGuideData.swift */; };
		109B178FA425DDFA18236ECE /* NetworkMonitor.swift in Sources */ = {isa = PBXBuildFile; fileRef = D3E7E12B21F080FF84202C7E /* NetworkMonitor.swift */; };
		1231E2248728021C214FEEEA /* QuickAccessSection.swift in Sources */ = {isa = PBXBuildFile; fileRef = E5FA503527474C0588A09DC5 /* QuickAccessSection.swift */; };
		1302F3D4DE28D68ABC28FFA9 /* SalahStore.swift in Sources */ = {isa = PBXBuildFile; fileRef = 55E59B4CC6ECBD6C58AF2E87 /* SalahStore.swift */; };
		1889D2D2D0613C27325EB5B5 /* ColorAssets.swift in Sources */ = {isa = PBXBuildFile; fileRef = ECC4AD52DF8E393B67B40BAF /* ColorAssets.swift */; };
		1C3DB215D7AC7952ABA0BE60 /* VerseShareCard.swift in Sources */ = {isa = PBXBuildFile; fileRef = 9D7F6050FA0B8CD21D9EC293 /* VerseShareCard.swift */; };
		1C535E083C00EE95C01AB535 /* PlaceholderViews.swift in Sources */ = {isa = PBXBuildFile; fileRef = 8FC3D1A619275EB4CDB9F853 /* PlaceholderViews.swift */; };
		1FC9FB245D9B925801A63BF0 /* SurahReaderView.swift in Sources */ = {isa = PBXBuildFile; fileRef = D5F30F31FE2D60F945FC0754 /* SurahReaderView.swift */; };
		212FD971B26EFA35BC21AFBB /* AnimationHelpers.swift in Sources */ = {isa = PBXBuildFile; fileRef = 3D82984581CBD21324ECCC4D /* AnimationHelpers.swift */; };
		21DD3DB2C61FDFF27067E65F /* AppearanceView.swift in Sources */ = {isa = PBXBuildFile; fileRef = 5352FACB7B571AAE16756704 /* AppearanceView.swift */; };
		2343CC2756FC540E3404CEB7 /* StreakCard.swift in Sources */ = {isa = PBXBuildFile; fileRef = 1CD35CC1985099BDF2EE042E /* StreakCard.swift */; };
		2762BE477C9C2F8DFF55E628 /* SalahDashboard.swift in Sources */ = {isa = PBXBuildFile; fileRef = DF5B69ABF5416E44C909C59A /* SalahDashboard.swift */; };
		2837887013B7E688727E4B3A /* LocalizationManager.swift in Sources */ = {isa = PBXBuildFile; fileRef = F6F8C1A15B62A19C52628B25 /* LocalizationManager.swift */; };
		28C5331B9E99357D8A728A9A /* DuaData.swift in Sources */ = {isa = PBXBuildFile; fileRef = E14477478517FDC36813FCDE /* DuaData.swift */; };
		29C52C0EF3BCCC6078DA1C9B /* FloatingTabBar.swift in Sources */ = {isa = PBXBuildFile; fileRef = 382DDF8EFBA7B09B54E6288E /* FloatingTabBar.swift */; };
		2AAD751850D3FDA907E56557 /* MoreView.swift in Sources */ = {isa = PBXBuildFile; fileRef = 33D682C9F07C85BAD9FAD6AF /* MoreView.swift */; };
		2C9AE9372D1626AC76FF746C /* PrayerSettingsView.swift in Sources */ = {isa = PBXBuildFile; fileRef = 845269B2933C0CB461C8D555 /* PrayerSettingsView.swift */; };
		3324AC2F1614F3B20DB2EC02 /* OfflineContentView.swift in Sources */ = {isa = PBXBuildFile; fileRef = 62298697A5C78549C7D4F9ED /* OfflineContentView.swift */; };
		390EC80907B6277F73D08EDE /* HeroCardView.swift in Sources */ = {isa = PBXBuildFile; fileRef = 25C6B014AB1631D63984AE9A /* HeroCardView.swift */; };
		3A899FE8FB41BC968FC6E6D0 /* CompactQiblaCard.swift in Sources */ = {isa = PBXBuildFile; fileRef = 03E7E55FF2BF05F28A7E3A2D /* CompactQiblaCard.swift */; };
		43828977B6B9AFD9E5418D1A /* ReadingProgressCard.swift in Sources */ = {isa = PBXBuildFile; fileRef = 4BFC9AD374C985312AB89D0F /* ReadingProgressCard.swift */; };
		45F94BEBE4AF662F61F9CE66 /* HadithCollectionCard.swift in Sources */ = {isa = PBXBuildFile; fileRef = F521D0FF8FF43ECDBE2CAD30 /* HadithCollectionCard.swift */; };
		47000118B2BE4AB70CE5FF95 /* NoorApp.swift in Sources */ = {isa = PBXBuildFile; fileRef = D9770DA743A6BD676FAFFF73 /* NoorApp.swift */; };
		4B170E221B8941C43A1CB184 /* PrayerActionBlock.swift in Sources */ = {isa = PBXBuildFile; fileRef = EEF306CACD4538FBBFB1448C /* PrayerActionBlock.swift */; };
		54F505206100F43AFD347639 /* SampleData.swift in Sources */ = {isa = PBXBuildFile; fileRef = F133255393F84EA34910EB98 /* SampleData.swift */; };
		5A6EA6B9AB7A97D6E056153B /* QuickToolsRow.swift in Sources */ = {isa = PBXBuildFile; fileRef = 461687FFCA99CF1CB0A6DC7B /* QuickToolsRow.swift */; };
		5D4F5CDCC3FCA7AE47B04D80 /* AppModels.swift in Sources */ = {isa = PBXBuildFile; fileRef = 86CC04AFC65AF0D0DF555172 /* AppModels.swift */; };
		5D5BD7D4BEF1F8385D3193DA /* LanguagePickerSheet.swift in Sources */ = {isa = PBXBuildFile; fileRef = 508070D1F05B74A4EDA6AB01 /* LanguagePickerSheet.swift */; };
		5DA8C7675EFE9F582E5D299D /* HadithData.swift in Sources */ = {isa = PBXBuildFile; fileRef = CAE9875F88F2F0654DF7E859 /* HadithData.swift */; };
		5EE9E7BD721C935E186EC127 /* NotificationService.swift in Sources */ = {isa = PBXBuildFile; fileRef = 181C1BBA0CDBE18DB63DDDF9 /* NotificationService.swift */; };
		607E5A326D68C124FAB758C7 /* DailyVerseService.swift in Sources */ = {isa = PBXBuildFile; fileRef = B8FC667B04E20DF47553640C /* DailyVerseService.swift */; };
		60C5707A6A1C1C1FE1AA176F /* generate_icon.py in Resources */ = {isa = PBXBuildFile; fileRef = 0899B9170F6BDE884758354F /* generate_icon.py */; };
		766A08823C0E65B6D21E9C14 /* IslamicGuidesSection.swift in Sources */ = {isa = PBXBuildFile; fileRef = 9C4941607E80CCA0DB347E76 /* IslamicGuidesSection.swift */; };
		792F32C96AD755920E02C98B /* OnboardingView.swift in Sources */ = {isa = PBXBuildFile; fileRef = D72465DDEA7D6011D81F3420 /* OnboardingView.swift */; };
		7B85924C56C1CB399A4742C7 /* QuranStore.swift in Sources */ = {isa = PBXBuildFile; fileRef = 84121A68DA3813799CFBBEF1 /* QuranStore.swift */; };
		7EFE09B9B36D9A9AF789D6C0 /* TodayPrayerView.swift in Sources */ = {isa = PBXBuildFile; fileRef = 68D760A3B1F653F159F534B6 /* TodayPrayerView.swift */; };
		827882F9E44A6A734E146C48 /* QuranAPIService.swift in Sources */ = {isa = PBXBuildFile; fileRef = 984FB2A8B4EFD0849945E2C9 /* QuranAPIService.swift */; };
		8371841C3B5AA5AAE4DFBB82 /* QuranData.swift in Sources */ = {isa = PBXBuildFile; fileRef = A45DC1FDB35BF68B1EE40BF1 /* QuranData.swift */; };
		89AEF3F444E116743C514104 /* SmartHeaderView.swift in Sources */ = {isa = PBXBuildFile; fileRef = AF4D6C2A7EA1E2B0A0E1B469 /* SmartHeaderView.swift */; };
		8D125E6185BE90486F2DF300 /* AppTheme.swift in Sources */ = {isa = PBXBuildFile; fileRef = AB7A6EADD77F6AF34431D8FD /* AppTheme.swift */; };
		957B15FBFB0CC69FECAA17D2 /* PrayerTimelineCard.swift in Sources */ = {isa = PBXBuildFile; fileRef = 7C63C87E338358A0CB63EDD7 /* PrayerTimelineCard.swift */; };
		9AF4038EEB79C5056E73C51B /* HomeView.swift in Sources */ = {isa = PBXBuildFile; fileRef = D13E789698BE43AB9C2E89A1 /* HomeView.swift */; };
		9FFD64F830052B6B7E481B01 /* PrayerTimesCard.swift in Sources */ = {isa = PBXBuildFile; fileRef = 3AA636EFB3034323CE98D3FF /* PrayerTimesCard.swift */; };
		A10DED2B350D9B1479DC6DCA /* LaunchScreen.storyboard in Resources */ = {isa = PBXBuildFile; fileRef = BECBD7E784FDB27DDA19174B /* LaunchScreen.storyboard */; };
		A1F885CBC8C4C8B20788E3C7 /* EmergencyGuidesView.swift in Sources */ = {isa = PBXBuildFile; fileRef = 5235CFFDB79F09FD381430EB /* EmergencyGuidesView.swift */; };
		A9938ECD436F8A894407CC1B /* ReadingModeBar.swift in Sources */ = {isa = PBXBuildFile; fileRef = C7BD2ED725AC55AAFB63F842 /* ReadingModeBar.swift */; };
		ABCF24C91BCE491FAA03EC7E /* DuaListView.swift in Sources */ = {isa = PBXBuildFile; fileRef = 411C2522A4F25739247AFA84 /* DuaListView.swift */; };
		ACA1B833727A202BB65432F1 /* HabitMotivationBlock.swift in Sources */ = {isa = PBXBuildFile; fileRef = 0BE8EB6653DB527BD0DA8DD7 /* HabitMotivationBlock.swift */; };
		AFB1257C6A582756DDDED6E8 /* DhikrCounterView.swift in Sources */ = {isa = PBXBuildFile; fileRef = 610D9D96A07819D7DFAB4801 /* DhikrCounterView.swift */; };
		BA343A8102DA383DCC25D021 /* VerseRowView.swift in Sources */ = {isa = PBXBuildFile; fileRef = 427D7CC54EF12E139EE0BEB2 /* VerseRowView.swift */; };
		BBA300A7BB2565DB90E1403E /* CompactDhikrCard.swift in Sources */ = {isa = PBXBuildFile; fileRef = D82953705DD4A007FE12CA61 /* CompactDhikrCard.swift */; };
		BF4C6F642C4ACDD8B84EB46A /* CalendarPrayerView.swift in Sources */ = {isa = PBXBuildFile; fileRef = F995E1788B5E2A9E8662B7DA /* CalendarPrayerView.swift */; };
		C0194D6B5B7A4479C8C14757 /* Assets.xcassets in Resources */ = {isa = PBXBuildFile; fileRef = C0C1A1A793700A17FA3C9EB0 /* Assets.xcassets */; };
		D4571F444808D4C1E8A8A815 /* TafsirSheetView.swift in Sources */ = {isa = PBXBuildFile; fileRef = AE360B297A42CBC58EEA40FE /* TafsirSheetView.swift */; };
		D59B8016E1E8EA090D9066A4 /* QadaTrackerView.swift in Sources */ = {isa = PBXBuildFile; fileRef = 51AFAE62C84AEADB4F5426E6 /* QadaTrackerView.swift */; };
		D5BECDA95CBD92B1CB0E956A /* OfflineCacheService.swift in Sources */ = {isa = PBXBuildFile; fileRef = 30D0CA0D5E550CD754B92C11 /* OfflineCacheService.swift */; };
		D98BA6024251F5BD78A6ED47 /* ProfileView.swift in Sources */ = {isa = PBXBuildFile; fileRef = F6A8F29FB289238100D0443E /* ProfileView.swift */; };
		DC02D73E4AA6B20CB9232415 /* LibraryToolViews.swift in Sources */ = {isa = PBXBuildFile; fileRef = 714D8D90C5223D5BB9A3B50C /* LibraryToolViews.swift */; };
		DE30A327822C28032CC597D4 /* QiblaCompassView.swift in Sources */ = {isa = PBXBuildFile; fileRef = 2C3A8B61402B21D268288B3F /* QiblaCompassView.swift */; };
		EB3460926451074ABF1E6D1A /* ShareProgressSheet.swift in Sources */ = {isa = PBXBuildFile; fileRef = A7A6721B171C921805F13508 /* ShareProgressSheet.swift */; };
		EDBE28992C23AF95BC8CE0ED /* HadithCard.swift in Sources */ = {isa = PBXBuildFile; fileRef = 59A3835D843C7E9E129E12EF /* HadithCard.swift */; };
		EFB3EF4F91FABF4982180BC0 /* QuranModels.swift in Sources */ = {isa = PBXBuildFile; fileRef = 309FBEA35B61FDC914107C9D /* QuranModels.swift */; };
		F75A9F252788EC49B3163A9B /* HadithCollectionDetailView.swift in Sources */ = {isa = PBXBuildFile; fileRef = BCBB90D553082B450C2BE140 /* HadithCollectionDetailView.swift */; };
		FA55D6DA9608BEF9C7E713DF /* PrayerTimesService.swift in Sources */ = {isa = PBXBuildFile; fileRef = BC60D652FC30F78F0847ADDD /* PrayerTimesService.swift */; };
		FAE4AC54770FA1D655D73F68 /* SurahListView.swift in Sources */ = {isa = PBXBuildFile; fileRef = F6965A3C787D4A4B6DEFFFE8 /* SurahListView.swift */; };
/* End PBXBuildFile section */

/* Begin PBXFileReference section */
		03E7E55FF2BF05F28A7E3A2D /* CompactQiblaCard.swift */ = {isa = PBXFileReference; lastKnownFileType = sourcecode.swift; path = CompactQiblaCard.swift; sourceTree = "<group>"; };
		0602FE3772DF5E17342C27EB /* LibraryView.swift */ = {isa = PBXFileReference; lastKnownFileType = sourcecode.swift; path = LibraryView.swift; sourceTree = "<group>"; };
		0899B9170F6BDE884758354F /* generate_icon.py */ = {isa = PBXFileReference; lastKnownFileType = text.script.python; path = generate_icon.py; sourceTree = "<group>"; };
		0BE8EB6653DB527BD0DA8DD7 /* HabitMotivationBlock.swift */ = {isa = PBXFileReference; lastKnownFileType = sourcecode.swift; path = HabitMotivationBlock.swift; sourceTree = "<group>"; };
		181C1BBA0CDBE18DB63DDDF9 /* NotificationService.swift */ = {isa = PBXFileReference; lastKnownFileType = sourcecode.swift; path = NotificationService.swift; sourceTree = "<group>"; };
		1CD35CC1985099BDF2EE042E /* StreakCard.swift */ = {isa = PBXFileReference; lastKnownFileType = sourcecode.swift; path = StreakCard.swift; sourceTree = "<group>"; };
		24822E4FB602556FE1BF161A /* Base */ = {isa = PBXFileReference; lastKnownFileType = file.storyboard; name = Base; path = Base.lproj/LaunchScreen.storyboard; sourceTree = "<group>"; };
		25C6B014AB1631D63984AE9A /* HeroCardView.swift */ = {isa = PBXFileReference; lastKnownFileType = sourcecode.swift; path = HeroCardView.swift; sourceTree = "<group>"; };
		2C3A8B61402B21D268288B3F /* QiblaCompassView.swift */ = {isa = PBXFileReference; lastKnownFileType = sourcecode.swift; path = QiblaCompassView.swift; sourceTree = "<group>"; };
		309FBEA35B61FDC914107C9D /* QuranModels.swift */ = {isa = PBXFileReference; lastKnownFileType = sourcecode.swift; path = QuranModels.swift; sourceTree = "<group>"; };
		30D0CA0D5E550CD754B92C11 /* OfflineCacheService.swift */ = {isa = PBXFileReference; lastKnownFileType = sourcecode.swift; path = OfflineCacheService.swift; sourceTree = "<group>"; };
		33D682C9F07C85BAD9FAD6AF /* MoreView.swift */ = {isa = PBXFileReference; lastKnownFileType = sourcecode.swift; path = MoreView.swift; sourceTree = "<group>"; };
		382DDF8EFBA7B09B54E6288E /* FloatingTabBar.swift */ = {isa = PBXFileReference; lastKnownFileType = sourcecode.swift; path = FloatingTabBar.swift; sourceTree = "<group>"; };
		3AA636EFB3034323CE98D3FF /* PrayerTimesCard.swift */ = {isa = PBXFileReference; lastKnownFileType = sourcecode.swift; path = PrayerTimesCard.swift; sourceTree = "<group>"; };
		3D82984581CBD21324ECCC4D /* AnimationHelpers.swift */ = {isa = PBXFileReference; lastKnownFileType = sourcecode.swift; path = AnimationHelpers.swift; sourceTree = "<group>"; };
		411C2522A4F25739247AFA84 /* DuaListView.swift */ = {isa = PBXFileReference; lastKnownFileType = sourcecode.swift; path = DuaListView.swift; sourceTree = "<group>"; };
		427D7CC54EF12E139EE0BEB2 /* VerseRowView.swift */ = {isa = PBXFileReference; lastKnownFileType = sourcecode.swift; path = VerseRowView.swift; sourceTree = "<group>"; };
		45F44C9330F8AD73F9BE62E4 /* offline-build.app */ = {isa = PBXFileReference; includeInIndex = 0; lastKnownFileType = wrapper.application; path = "offline-build.app"; sourceTree = BUILT_PRODUCTS_DIR; };
		461687FFCA99CF1CB0A6DC7B /* QuickToolsRow.swift */ = {isa = PBXFileReference; lastKnownFileType = sourcecode.swift; path = QuickToolsRow.swift; sourceTree = "<group>"; };
		4BFC9AD374C985312AB89D0F /* ReadingProgressCard.swift */ = {isa = PBXFileReference; lastKnownFileType = sourcecode.swift; path = ReadingProgressCard.swift; sourceTree = "<group>"; };
		508070D1F05B74A4EDA6AB01 /* LanguagePickerSheet.swift */ = {isa = PBXFileReference; lastKnownFileType = sourcecode.swift; path = LanguagePickerSheet.swift; sourceTree = "<group>"; };
		51AFAE62C84AEADB4F5426E6 /* QadaTrackerView.swift */ = {isa = PBXFileReference; lastKnownFileType = sourcecode.swift; path = QadaTrackerView.swift; sourceTree = "<group>"; };
		5235CFFDB79F09FD381430EB /* EmergencyGuidesView.swift */ = {isa = PBXFileReference; lastKnownFileType = sourcecode.swift; path = EmergencyGuidesView.swift; sourceTree = "<group>"; };
		5352FACB7B571AAE16756704 /* AppearanceView.swift */ = {isa = PBXFileReference; lastKnownFileType = sourcecode.swift; path = AppearanceView.swift; sourceTree = "<group>"; };
		55E59B4CC6ECBD6C58AF2E87 /* SalahStore.swift */ = {isa = PBXFileReference; lastKnownFileType = sourcecode.swift; path = SalahStore.swift; sourceTree = "<group>"; };
		59A3835D843C7E9E129E12EF /* HadithCard.swift */ = {isa = PBXFileReference; lastKnownFileType = sourcecode.swift; path = HadithCard.swift; sourceTree = "<group>"; };
		610D9D96A07819D7DFAB4801 /* DhikrCounterView.swift */ = {isa = PBXFileReference; lastKnownFileType = sourcecode.swift; path = DhikrCounterView.swift; sourceTree = "<group>"; };
		62298697A5C78549C7D4F9ED /* OfflineContentView.swift */ = {isa = PBXFileReference; lastKnownFileType = sourcecode.swift; path = OfflineContentView.swift; sourceTree = "<group>"; };
		68D760A3B1F653F159F534B6 /* TodayPrayerView.swift */ = {isa = PBXFileReference; lastKnownFileType = sourcecode.swift; path = TodayPrayerView.swift; sourceTree = "<group>"; };
		714D8D90C5223D5BB9A3B50C /* LibraryToolViews.swift */ = {isa = PBXFileReference; lastKnownFileType = sourcecode.swift; path = LibraryToolViews.swift; sourceTree = "<group>"; };
		7155F88738917606DBDD74FE /* EmergencyGuideData.swift */ = {isa = PBXFileReference; lastKnownFileType = sourcecode.swift; path = EmergencyGuideData.swift; sourceTree = "<group>"; };
		7C63C87E338358A0CB63EDD7 /* PrayerTimelineCard.swift */ = {isa = PBXFileReference; lastKnownFileType = sourcecode.swift; path = PrayerTimelineCard.swift; sourceTree = "<group>"; };
		84121A68DA3813799CFBBEF1 /* QuranStore.swift */ = {isa = PBXFileReference; lastKnownFileType = sourcecode.swift; path = QuranStore.swift; sourceTree = "<group>"; };
		845269B2933C0CB461C8D555 /* PrayerSettingsView.swift */ = {isa = PBXFileReference; lastKnownFileType = sourcecode.swift; path = PrayerSettingsView.swift; sourceTree = "<group>"; };
		86CC04AFC65AF0D0DF555172 /* AppModels.swift */ = {isa = PBXFileReference; lastKnownFileType = sourcecode.swift; path = AppModels.swift; sourceTree = "<group>"; };
		8FC3D1A619275EB4CDB9F853 /* PlaceholderViews.swift */ = {isa = PBXFileReference; lastKnownFileType = sourcecode.swift; path = PlaceholderViews.swift; sourceTree = "<group>"; };
		984FB2A8B4EFD0849945E2C9 /* QuranAPIService.swift */ = {isa = PBXFileReference; lastKnownFileType = sourcecode.swift; path = QuranAPIService.swift; sourceTree = "<group>"; };
		9C4941607E80CCA0DB347E76 /* IslamicGuidesSection.swift */ = {isa = PBXFileReference; lastKnownFileType = sourcecode.swift; path = IslamicGuidesSection.swift; sourceTree = "<group>"; };
		9D7F6050FA0B8CD21D9EC293 /* VerseShareCard.swift */ = {isa = PBXFileReference; lastKnownFileType = sourcecode.swift; path = VerseShareCard.swift; sourceTree = "<group>"; };
		A45DC1FDB35BF68B1EE40BF1 /* QuranData.swift */ = {isa = PBXFileReference; lastKnownFileType = sourcecode.swift; path = QuranData.swift; sourceTree = "<group>"; };
		A7A6721B171C921805F13508 /* ShareProgressSheet.swift */ = {isa = PBXFileReference; lastKnownFileType = sourcecode.swift; path = ShareProgressSheet.swift; sourceTree = "<group>"; };
		AB7A6EADD77F6AF34431D8FD /* AppTheme.swift */ = {isa = PBXFileReference; lastKnownFileType = sourcecode.swift; path = AppTheme.swift; sourceTree = "<group>"; };
		AE360B297A42CBC58EEA40FE /* TafsirSheetView.swift */ = {isa = PBXFileReference; lastKnownFileType = sourcecode.swift; path = TafsirSheetView.swift; sourceTree = "<group>"; };
		AF4D6C2A7EA1E2B0A0E1B469 /* SmartHeaderView.swift */ = {isa = PBXFileReference; lastKnownFileType = sourcecode.swift; path = SmartHeaderView.swift; sourceTree = "<group>"; };
		B8FC667B04E20DF47553640C /* DailyVerseService.swift */ = {isa = PBXFileReference; lastKnownFileType = sourcecode.swift; path = DailyVerseService.swift; sourceTree = "<group>"; };
		BC60D652FC30F78F0847ADDD /* PrayerTimesService.swift */ = {isa = PBXFileReference; lastKnownFileType = sourcecode.swift; path = PrayerTimesService.swift; sourceTree = "<group>"; };
		BCBB90D553082B450C2BE140 /* HadithCollectionDetailView.swift */ = {isa = PBXFileReference; lastKnownFileType = sourcecode.swift; path = HadithCollectionDetailView.swift; sourceTree = "<group>"; };
		C0C1A1A793700A17FA3C9EB0 /* Assets.xcassets */ = {isa = PBXFileReference; lastKnownFileType = folder.assetcatalog; path = Assets.xcassets; sourceTree = "<group>"; };
		C7BD2ED725AC55AAFB63F842 /* ReadingModeBar.swift */ = {isa = PBXFileReference; lastKnownFileType = sourcecode.swift; path = ReadingModeBar.swift; sourceTree = "<group>"; };
		CAE9875F88F2F0654DF7E859 /* HadithData.swift */ = {isa = PBXFileReference; lastKnownFileType = sourcecode.swift; path = HadithData.swift; sourceTree = "<group>"; };
		D13E789698BE43AB9C2E89A1 /* HomeView.swift */ = {isa = PBXFileReference; lastKnownFileType = sourcecode.swift; path = HomeView.swift; sourceTree = "<group>"; };
		D3E7E12B21F080FF84202C7E /* NetworkMonitor.swift */ = {isa = PBXFileReference; lastKnownFileType = sourcecode.swift; path = NetworkMonitor.swift; sourceTree = "<group>"; };
		D5F30F31FE2D60F945FC0754 /* SurahReaderView.swift */ = {isa = PBXFileReference; lastKnownFileType = sourcecode.swift; path = SurahReaderView.swift; sourceTree = "<group>"; };
		D72465DDEA7D6011D81F3420 /* OnboardingView.swift */ = {isa = PBXFileReference; lastKnownFileType = sourcecode.swift; path = OnboardingView.swift; sourceTree = "<group>"; };
		D82953705DD4A007FE12CA61 /* CompactDhikrCard.swift */ = {isa = PBXFileReference; lastKnownFileType = sourcecode.swift; path = CompactDhikrCard.swift; sourceTree = "<group>"; };
		D9770DA743A6BD676FAFFF73 /* NoorApp.swift */ = {isa = PBXFileReference; lastKnownFileType = sourcecode.swift; path = NoorApp.swift; sourceTree = "<group>"; };
		DF5B69ABF5416E44C909C59A /* SalahDashboard.swift */ = {isa = PBXFileReference; lastKnownFileType = sourcecode.swift; path = SalahDashboard.swift; sourceTree = "<group>"; };
		E14477478517FDC36813FCDE /* DuaData.swift */ = {isa = PBXFileReference; lastKnownFileType = sourcecode.swift; path = DuaData.swift; sourceTree = "<group>"; };
		E5FA503527474C0588A09DC5 /* QuickAccessSection.swift */ = {isa = PBXFileReference; lastKnownFileType = sourcecode.swift; path = QuickAccessSection.swift; sourceTree = "<group>"; };
		ECC4AD52DF8E393B67B40BAF /* ColorAssets.swift */ = {isa = PBXFileReference; lastKnownFileType = sourcecode.swift; path = ColorAssets.swift; sourceTree = "<group>"; };
		EEF306CACD4538FBBFB1448C /* PrayerActionBlock.swift */ = {isa = PBXFileReference; lastKnownFileType = sourcecode.swift; path = PrayerActionBlock.swift; sourceTree = "<group>"; };
		F133255393F84EA34910EB98 /* SampleData.swift */ = {isa = PBXFileReference; lastKnownFileType = sourcecode.swift; path = SampleData.swift; sourceTree = "<group>"; };
		F27A462BD711D77AA544F8EF /* PrayerTrackerCard.swift */ = {isa = PBXFileReference; lastKnownFileType = sourcecode.swift; path = PrayerTrackerCard.swift; sourceTree = "<group>"; };
		F521D0FF8FF43ECDBE2CAD30 /* HadithCollectionCard.swift */ = {isa = PBXFileReference; lastKnownFileType = sourcecode.swift; path = HadithCollectionCard.swift; sourceTree = "<group>"; };
		F6965A3C787D4A4B6DEFFFE8 /* SurahListView.swift */ = {isa = PBXFileReference; lastKnownFileType = sourcecode.swift; path = SurahListView.swift; sourceTree = "<group>"; };
		F6A8F29FB289238100D0443E /* ProfileView.swift */ = {isa = PBXFileReference; lastKnownFileType = sourcecode.swift; path = ProfileView.swift; sourceTree = "<group>"; };
		F6F8C1A15B62A19C52628B25 /* LocalizationManager.swift */ = {isa = PBXFileReference; lastKnownFileType = sourcecode.swift; path = LocalizationManager.swift; sourceTree = "<group>"; };
		F995E1788B5E2A9E8662B7DA /* CalendarPrayerView.swift */ = {isa = PBXFileReference; lastKnownFileType = sourcecode.swift; path = CalendarPrayerView.swift; sourceTree = "<group>"; };
		FA5AA79AB276A40FBF501D79 /* Info.plist */ = {isa = PBXFileReference; lastKnownFileType = text.plist; path = Info.plist; sourceTree = "<group>"; };
/* End PBXFileReference section */

/* Begin PBXGroup section */
		24F61198F46DE87826FA233A /* Onboarding */ = {
			isa = PBXGroup;
			children = (
				D72465DDEA7D6011D81F3420 /* OnboardingView.swift */,
			);
			path = Onboarding;
			sourceTree = "<group>";
		};
		573814724B0076E6CD7A4EA6 /* App */ = {
			isa = PBXGroup;
			children = (
				D9770DA743A6BD676FAFFF73 /* NoorApp.swift */,
			);
			path = App;
			sourceTree = "<group>";
		};
		576DA640583D66D88286736A /* Home */ = {
			isa = PBXGroup;
			children = (
				D82953705DD4A007FE12CA61 /* CompactDhikrCard.swift */,
				03E7E55FF2BF05F28A7E3A2D /* CompactQiblaCard.swift */,
				0BE8EB6653DB527BD0DA8DD7 /* HabitMotivationBlock.swift */,
				59A3835D843C7E9E129E12EF /* HadithCard.swift */,
				25C6B014AB1631D63984AE9A /* HeroCardView.swift */,
				D13E789698BE43AB9C2E89A1 /* HomeView.swift */,
				9C4941607E80CCA0DB347E76 /* IslamicGuidesSection.swift */,
				EEF306CACD4538FBBFB1448C /* PrayerActionBlock.swift */,
				7C63C87E338358A0CB63EDD7 /* PrayerTimelineCard.swift */,
				3AA636EFB3034323CE98D3FF /* PrayerTimesCard.swift */,
				F27A462BD711D77AA544F8EF /* PrayerTrackerCard.swift */,
				E5FA503527474C0588A09DC5 /* QuickAccessSection.swift */,
				461687FFCA99CF1CB0A6DC7B /* QuickToolsRow.swift */,
				4BFC9AD374C985312AB89D0F /* ReadingProgressCard.swift */,
				AF4D6C2A7EA1E2B0A0E1B469 /* SmartHeaderView.swift */,
				1CD35CC1985099BDF2EE042E /* StreakCard.swift */,
				9D7F6050FA0B8CD21D9EC293 /* VerseShareCard.swift */,
			);
			path = Home;
			sourceTree = "<group>";
		};
		7590B9F39A041E67AEACFB46 /* Placeholders */ = {
			isa = PBXGroup;
			children = (
				8FC3D1A619275EB4CDB9F853 /* PlaceholderViews.swift */,
			);
			path = Placeholders;
			sourceTree = "<group>";
		};
		81A6EE0572265F5346FAE825 /* Theme */ = {
			isa = PBXGroup;
			children = (
				3D82984581CBD21324ECCC4D /* AnimationHelpers.swift */,
				AB7A6EADD77F6AF34431D8FD /* AppTheme.swift */,
				ECC4AD52DF8E393B67B40BAF /* ColorAssets.swift */,
			);
			path = Theme;
			sourceTree = "<group>";
		};
		8AED50E2CA13667583425F03 /* Salah */ = {
			isa = PBXGroup;
			children = (
				F995E1788B5E2A9E8662B7DA /* CalendarPrayerView.swift */,
				610D9D96A07819D7DFAB4801 /* DhikrCounterView.swift */,
				51AFAE62C84AEADB4F5426E6 /* QadaTrackerView.swift */,
				DF5B69ABF5416E44C909C59A /* SalahDashboard.swift */,
				A7A6721B171C921805F13508 /* ShareProgressSheet.swift */,
				68D760A3B1F653F159F534B6 /* TodayPrayerView.swift */,
			);
			path = Salah;
			sourceTree = "<group>";
		};
		9486DB5E03F3CE6D0B439D62 /* Library */ = {
			isa = PBXGroup;
			children = (
				411C2522A4F25739247AFA84 /* DuaListView.swift */,
				F521D0FF8FF43ECDBE2CAD30 /* HadithCollectionCard.swift */,
				BCBB90D553082B450C2BE140 /* HadithCollectionDetailView.swift */,
				714D8D90C5223D5BB9A3B50C /* LibraryToolViews.swift */,
				0602FE3772DF5E17342C27EB /* LibraryView.swift */,
				2C3A8B61402B21D268288B3F /* QiblaCompassView.swift */,
			);
			path = Library;
			sourceTree = "<group>";
		};
		ACD031B553C039789867812E /* Views */ = {
			isa = PBXGroup;
			children = (
				576DA640583D66D88286736A /* Home */,
				9486DB5E03F3CE6D0B439D62 /* Library */,
				E1C8AF8AAFA9555A462ED1BE /* More */,
				24F61198F46DE87826FA233A /* Onboarding */,
				7590B9F39A041E67AEACFB46 /* Placeholders */,
				BCD5278BA52C3E4894777021 /* Quran */,
				8AED50E2CA13667583425F03 /* Salah */,
				AD167C15CA3B81823EF04F44 /* Shared */,
			);
			path = Views;
			sourceTree = "<group>";
		};
		AD167C15CA3B81823EF04F44 /* Shared */ = {
			isa = PBXGroup;
			children = (
				382DDF8EFBA7B09B54E6288E /* FloatingTabBar.swift */,
			);
			path = Shared;
			sourceTree = "<group>";
		};
		BCD5278BA52C3E4894777021 /* Quran */ = {
			isa = PBXGroup;
			children = (
				C7BD2ED725AC55AAFB63F842 /* ReadingModeBar.swift */,
				F6965A3C787D4A4B6DEFFFE8 /* SurahListView.swift */,
				D5F30F31FE2D60F945FC0754 /* SurahReaderView.swift */,
				AE360B297A42CBC58EEA40FE /* TafsirSheetView.swift */,
				427D7CC54EF12E139EE0BEB2 /* VerseRowView.swift */,
			);
			path = Quran;
			sourceTree = "<group>";
		};
		BEC32557E43E591F31709132 /* Products */ = {
			isa = PBXGroup;
			children = (
				45F44C9330F8AD73F9BE62E4 /* offline-build.app */,
			);
			name = Products;
			sourceTree = "<group>";
		};
		D43F943EAE89D11598AADE21 /* offline-build */ = {
			isa = PBXGroup;
			children = (
				C0C1A1A793700A17FA3C9EB0 /* Assets.xcassets */,
				0899B9170F6BDE884758354F /* generate_icon.py */,
				FA5AA79AB276A40FBF501D79 /* Info.plist */,
				BECBD7E784FDB27DDA19174B /* LaunchScreen.storyboard */,
				573814724B0076E6CD7A4EA6 /* App */,
				F260FB4A869B7C17CE5B116F /* Models */,
				81A6EE0572265F5346FAE825 /* Theme */,
				ACD031B553C039789867812E /* Views */,
			);
			path = "offline-build";
			sourceTree = "<group>";
		};
		E1C8AF8AAFA9555A462ED1BE /* More */ = {
			isa = PBXGroup;
			children = (
				5352FACB7B571AAE16756704 /* AppearanceView.swift */,
				5235CFFDB79F09FD381430EB /* EmergencyGuidesView.swift */,
				508070D1F05B74A4EDA6AB01 /* LanguagePickerSheet.swift */,
				33D682C9F07C85BAD9FAD6AF /* MoreView.swift */,
				62298697A5C78549C7D4F9ED /* OfflineContentView.swift */,
				845269B2933C0CB461C8D555 /* PrayerSettingsView.swift */,
				F6A8F29FB289238100D0443E /* ProfileView.swift */,
			);
			path = More;
			sourceTree = "<group>";
		};
		F260FB4A869B7C17CE5B116F /* Models */ = {
			isa = PBXGroup;
			children = (
				86CC04AFC65AF0D0DF555172 /* AppModels.swift */,
				B8FC667B04E20DF47553640C /* DailyVerseService.swift */,
				E14477478517FDC36813FCDE /* DuaData.swift */,
				7155F88738917606DBDD74FE /* EmergencyGuideData.swift */,
				CAE9875F88F2F0654DF7E859 /* HadithData.swift */,
				F6F8C1A15B62A19C52628B25 /* LocalizationManager.swift */,
				D3E7E12B21F080FF84202C7E /* NetworkMonitor.swift */,
				181C1BBA0CDBE18DB63DDDF9 /* NotificationService.swift */,
				30D0CA0D5E550CD754B92C11 /* OfflineCacheService.swift */,
				BC60D652FC30F78F0847ADDD /* PrayerTimesService.swift */,
				984FB2A8B4EFD0849945E2C9 /* QuranAPIService.swift */,
				A45DC1FDB35BF68B1EE40BF1 /* QuranData.swift */,
				309FBEA35B61FDC914107C9D /* QuranModels.swift */,
				84121A68DA3813799CFBBEF1 /* QuranStore.swift */,
				55E59B4CC6ECBD6C58AF2E87 /* SalahStore.swift */,
				F133255393F84EA34910EB98 /* SampleData.swift */,
			);
			path = Models;
			sourceTree = "<group>";
		};
		F92BC92166E668AA47AAA4F6 = {
			isa = PBXGroup;
			children = (
				D43F943EAE89D11598AADE21 /* offline-build */,
				BEC32557E43E591F31709132 /* Products */,
			);
			sourceTree = "<group>";
		};
/* End PBXGroup section */

/* Begin PBXNativeTarget section */
		1ED302962DEFB46E04CCD065 /* offline-build */ = {
			isa = PBXNativeTarget;
			buildConfigurationList = 1F3A40B9B3EEC555AE807906 /* Build configuration list for PBXNativeTarget "offline-build" */;
			buildPhases = (
				396C14E5486E73EF47F92F48 /* Sources */,
				EA62F924F8A87A523B72E19F /* Resources */,
			);
			buildRules = (
			);
			dependencies = (
			);
			name = "offline-build";
			packageProductDependencies = (
			);
			productName = "offline-build";
			productReference = 45F44C9330F8AD73F9BE62E4 /* offline-build.app */;
			productType = "com.apple.product-type.application";
		};
/* End PBXNativeTarget section */

/* Begin PBXProject section */
		3BE8C92B76DC549CB33C7E1E /* Project object */ = {
			isa = PBXProject;
			attributes = {
				BuildIndependentTargetsInParallel = YES;
				LastUpgradeCheck = 1430;
			};
			buildConfigurationList = 7B391D8250AB01380BF40323 /* Build configuration list for PBXProject "offline-build" */;
			compatibilityVersion = "Xcode 14.0";
			developmentRegion = en;
			hasScannedForEncodings = 0;
			knownRegions = (
				Base,
				en,
			);
			mainGroup = F92BC92166E668AA47AAA4F6;
			minimizedProjectReferenceProxies = 1;
			preferredProjectObjectVersion = 77;
			projectDirPath = "";
			projectRoot = "";
			targets = (
				1ED302962DEFB46E04CCD065 /* offline-build */,
			);
		};
/* End PBXProject section */

/* Begin PBXResourcesBuildPhase section */
		EA62F924F8A87A523B72E19F /* Resources */ = {
			isa = PBXResourcesBuildPhase;
			buildActionMask = 2147483647;
			files = (
				C0194D6B5B7A4479C8C14757 /* Assets.xcassets in Resources */,
				A10DED2B350D9B1479DC6DCA /* LaunchScreen.storyboard in Resources */,
				60C5707A6A1C1C1FE1AA176F /* generate_icon.py in Resources */,
			);
			runOnlyForDeploymentPostprocessing = 0;
		};
/* End PBXResourcesBuildPhase section */

/* Begin PBXSourcesBuildPhase section */
		396C14E5486E73EF47F92F48 /* Sources */ = {
			isa = PBXSourcesBuildPhase;
			buildActionMask = 2147483647;
			files = (
				212FD971B26EFA35BC21AFBB /* AnimationHelpers.swift in Sources */,
				5D4F5CDCC3FCA7AE47B04D80 /* AppModels.swift in Sources */,
				8D125E6185BE90486F2DF300 /* AppTheme.swift in Sources */,
				21DD3DB2C61FDFF27067E65F /* AppearanceView.swift in Sources */,
				BF4C6F642C4ACDD8B84EB46A /* CalendarPrayerView.swift in Sources */,
				1889D2D2D0613C27325EB5B5 /* ColorAssets.swift in Sources */,
				BBA300A7BB2565DB90E1403E /* CompactDhikrCard.swift in Sources */,
				3A899FE8FB41BC968FC6E6D0 /* CompactQiblaCard.swift in Sources */,
				607E5A326D68C124FAB758C7 /* DailyVerseService.swift in Sources */,
				AFB1257C6A582756DDDED6E8 /* DhikrCounterView.swift in Sources */,
				28C5331B9E99357D8A728A9A /* DuaData.swift in Sources */,
				ABCF24C91BCE491FAA03EC7E /* DuaListView.swift in Sources */,
				0B3F8709297C304B9C22758A /* EmergencyGuideData.swift in Sources */,
				A1F885CBC8C4C8B20788E3C7 /* EmergencyGuidesView.swift in Sources */,
				29C52C0EF3BCCC6078DA1C9B /* FloatingTabBar.swift in Sources */,
				ACA1B833727A202BB65432F1 /* HabitMotivationBlock.swift in Sources */,
				EDBE28992C23AF95BC8CE0ED /* HadithCard.swift in Sources */,
				45F94BEBE4AF662F61F9CE66 /* HadithCollectionCard.swift in Sources */,
				F75A9F252788EC49B3163A9B /* HadithCollectionDetailView.swift in Sources */,
				5DA8C7675EFE9F582E5D299D /* HadithData.swift in Sources */,
				390EC80907B6277F73D08EDE /* HeroCardView.swift in Sources */,
				9AF4038EEB79C5056E73C51B /* HomeView.swift in Sources */,
				766A08823C0E65B6D21E9C14 /* IslamicGuidesSection.swift in Sources */,
				5D5BD7D4BEF1F8385D3193DA /* LanguagePickerSheet.swift in Sources */,
				DC02D73E4AA6B20CB9232415 /* LibraryToolViews.swift in Sources */,
				02230DC1CA3972C8E42906C5 /* LibraryView.swift in Sources */,
				2837887013B7E688727E4B3A /* LocalizationManager.swift in Sources */,
				2AAD751850D3FDA907E56557 /* MoreView.swift in Sources */,
				109B178FA425DDFA18236ECE /* NetworkMonitor.swift in Sources */,
				47000118B2BE4AB70CE5FF95 /* NoorApp.swift in Sources */,
				5EE9E7BD721C935E186EC127 /* NotificationService.swift in Sources */,
				D5BECDA95CBD92B1CB0E956A /* OfflineCacheService.swift in Sources */,
				3324AC2F1614F3B20DB2EC02 /* OfflineContentView.swift in Sources */,
				792F32C96AD755920E02C98B /* OnboardingView.swift in Sources */,
				1C535E083C00EE95C01AB535 /* PlaceholderViews.swift in Sources */,
				4B170E221B8941C43A1CB184 /* PrayerActionBlock.swift in Sources */,
				2C9AE9372D1626AC76FF746C /* PrayerSettingsView.swift in Sources */,
				957B15FBFB0CC69FECAA17D2 /* PrayerTimelineCard.swift in Sources */,
				9FFD64F830052B6B7E481B01 /* PrayerTimesCard.swift in Sources */,
				FA55D6DA9608BEF9C7E713DF /* PrayerTimesService.swift in Sources */,
				0011D2A9A44DA9CEEDF790AB /* PrayerTrackerCard.swift in Sources */,
				D98BA6024251F5BD78A6ED47 /* ProfileView.swift in Sources */,
				D59B8016E1E8EA090D9066A4 /* QadaTrackerView.swift in Sources */,
				DE30A327822C28032CC597D4 /* QiblaCompassView.swift in Sources */,
				1231E2248728021C214FEEEA /* QuickAccessSection.swift in Sources */,
				5A6EA6B9AB7A97D6E056153B /* QuickToolsRow.swift in Sources */,
				827882F9E44A6A734E146C48 /* QuranAPIService.swift in Sources */,
				8371841C3B5AA5AAE4DFBB82 /* QuranData.swift in Sources */,
				EFB3EF4F91FABF4982180BC0 /* QuranModels.swift in Sources */,
				7B85924C56C1CB399A4742C7 /* QuranStore.swift in Sources */,
				A9938ECD436F8A894407CC1B /* ReadingModeBar.swift in Sources */,
				43828977B6B9AFD9E5418D1A /* ReadingProgressCard.swift in Sources */,
				2762BE477C9C2F8DFF55E628 /* SalahDashboard.swift in Sources */,
				1302F3D4DE28D68ABC28FFA9 /* SalahStore.swift in Sources */,
				54F505206100F43AFD347639 /* SampleData.swift in Sources */,
				EB3460926451074ABF1E6D1A /* ShareProgressSheet.swift in Sources */,
				89AEF3F444E116743C514104 /* SmartHeaderView.swift in Sources */,
				2343CC2756FC540E3404CEB7 /* StreakCard.swift in Sources */,
				FAE4AC54770FA1D655D73F68 /* SurahListView.swift in Sources */,
				1FC9FB245D9B925801A63BF0 /* SurahReaderView.swift in Sources */,
				D4571F444808D4C1E8A8A815 /* TafsirSheetView.swift in Sources */,
				7EFE09B9B36D9A9AF789D6C0 /* TodayPrayerView.swift in Sources */,
				BA343A8102DA383DCC25D021 /* VerseRowView.swift in Sources */,
				1C3DB215D7AC7952ABA0BE60 /* VerseShareCard.swift in Sources */,
			);
			runOnlyForDeploymentPostprocessing = 0;
		};
/* End PBXSourcesBuildPhase section */

/* Begin PBXVariantGroup section */
		BECBD7E784FDB27DDA19174B /* LaunchScreen.storyboard */ = {
			isa = PBXVariantGroup;
			children = (
				24822E4FB602556FE1BF161A /* Base */,
			);
			name = LaunchScreen.storyboard;
			sourceTree = "<group>";
		};
/* End PBXVariantGroup section */

/* Begin XCBuildConfiguration section */
		26D6DE668314E148783EEAD4 /* Release */ = {
			isa = XCBuildConfiguration;
			buildSettings = {
				INFOPLIST_FILE = "offline-build/Info.plist";
				IPHONEOS_DEPLOYMENT_TARGET = 17.0;
			};
			name = Release;
		};
		5F1281CF36DDB85040F9AEC5 /* Release */ = {
			isa = XCBuildConfiguration;
			buildSettings = {
				ALWAYS_SEARCH_USER_PATHS = NO;
				ASSETCATALOG_COMPILER_APPICON_NAME = AppIcon;
				CURRENT_PROJECT_VERSION = 1;
				MARKETING_VERSION = 1.0;
				PRODUCT_BUNDLE_IDENTIFIER = com.example.offlinebuild;
				PRODUCT_NAME = "offline-build";
				SDKROOT = iphoneos;
				SUPPORTED_PLATFORMS = "iphoneos iphonesimulator";
				SUPPORTS_MACCATALYST = NO;
				SWIFT_VERSION = 5.0;
				TARGETED_DEVICE_FAMILY = 1;
			};
			name = Release;
		};
		D47F59A95C5E6B56F906FB07 /* Debug */ = {
			isa = XCBuildConfiguration;
			buildSettings = {
				ALWAYS_SEARCH_USER_PATHS = NO;
				ASSETCATALOG_COMPILER_APPICON_NAME = AppIcon;
				CURRENT_PROJECT_VERSION = 1;
				MARKETING_VERSION = 1.0;
				PRODUCT_BUNDLE_IDENTIFIER = com.example.offlinebuild;
				PRODUCT_NAME = "offline-build";
				SDKROOT = iphoneos;
				SUPPORTED_PLATFORMS = "iphoneos iphonesimulator";
				SUPPORTS_MACCATALYST = NO;
				SWIFT_VERSION = 5.0;
				TARGETED_DEVICE_FAMILY = 1;
			};
			name = Debug;
		};
		DCD4FF5A2E16E48E1D0CC846 /* Debug */ = {
			isa = XCBuildConfiguration;
			buildSettings = {
				INFOPLIST_FILE = "offline-build/Info.plist";
				IPHONEOS_DEPLOYMENT_TARGET = 17.0;
			};
			name = Debug;
		};
/* End XCBuildConfiguration section */

/* Begin XCConfigurationList section */
		1F3A40B9B3EEC555AE807906 /* Build configuration list for PBXNativeTarget "offline-build" */ = {
			isa = XCConfigurationList;
			buildConfigurations = (
				DCD4FF5A2E16E48E1D0CC846 /* Debug */,
				26D6DE668314E148783EEAD4 /* Release */,
			);
			defaultConfigurationIsVisible = 0;
			defaultConfigurationName = Debug;
		};
		7B391D8250AB01380BF40323 /* Build configuration list for PBXProject "offline-build" */ = {
			isa = XCConfigurationList;
			buildConfigurations = (
				D47F59A95C5E6B56F906FB07 /* Debug */,
				5F1281CF36DDB85040F9AEC5 /* Release */,
			);
			defaultConfigurationIsVisible = 0;
			defaultConfigurationName = Debug;
		};
/* End XCConfigurationList section */
	};
	rootObject = 3BE8C92B76DC549CB33C7E1E /* Project object */;
}
